
Microsoft Visual Studio Solution File, Format Version 12.00
# Visual Studio Version 17
VisualStudioVersion = 17.4.33213.308
MinimumVisualStudioVersion = 10.0.40219.1
Project("{FAE04EC0-301F-11D3-BF4B-00C04F79EFBC}") = "Prokemon", "Prokemon\Prokemon.csproj", "{324A0990-1C8F-4BC9-B9D7-29D8C1505693}"
EndProject
Global
	GlobalSection(SolutionConfigurationPlatforms) = preSolution
		Debug|Any CPU = Debug|Any CPU
		Release|Any CPU = Release|Any CPU
	EndGlobalSection
	GlobalSection(ProjectConfigurationPlatforms) = postSolution
		{324A0990-1C8F-4BC9-B9D7-29D8C1505693}.Debug|Any CPU.ActiveCfg = Debug|Any CPU
		{324A0990-1C8F-4BC9-B9D7-29D8C1505693}.Debug|Any CPU.Build.0 = Debug|Any CPU
		{324A0990-1C8F-4BC9-B9D7-29D8C1505693}.Release|Any CPU.ActiveCfg = Release|Any CPU
		{324A0990-1C8F-4BC9-B9D7-29D8C1505693}.Release|Any CPU.Build.0 = Release|Any CPU
	EndGlobalSection
	GlobalSection(SolutionProperties) = preSolution
		HideSolutionNode = FALSE
	EndGlobalSection
	GlobalSection(ExtensibilityGlobals) = postSolution
		SolutionGuid = {6BB2CB3E-D255-4E9C-9720-9CB202BC7761}
	EndGlobalSection
EndGlobal
